
Microsoft Visual Studio Solution File, Format Version 12.00
# Visual Studio Version 17
VisualStudioVersion = 17.5.002.0
MinimumVisualStudioVersion = 10.0.40219.1
Project("{9A19103F-16F7-4668-BE54-9A1E7A4F7556}") = "DurableOrchestrator", "src\DurableOrchestrator\DurableOrchestrator.csproj", "{89CC8406-9DF5-44D9-98A7-6F9D794EB79A}"
EndProject
Project("{2150E333-8FDC-42A3-9474-1A3956D46DE8}") = "Solution Items", "Solution Items", "{7BCD72F8-D5EF-48E1-8725-537AEC07CD0D}"
	ProjectSection(SolutionItems) = preProject
		.editorconfig = .editorconfig
		.gitattributes = .gitattributes
		.gitignore = .gitignore
		create_wf.md = create_wf.md
		Deploy.ps1 = Deploy.ps1
		docker-compose.yml = docker-compose.yml
		README.md = README.md
		test.rest = test.rest
	EndProjectSection
EndProject
Project("{9A19103F-16F7-4668-BE54-9A1E7A4F7556}") = "DurableOrchestrator.Core", "src\DurableOrchestrator.Core\DurableOrchestrator.Core.csproj", "{237854C7-686F-43F2-A6DF-B20E93ED397A}"
EndProject
Project("{9A19103F-16F7-4668-BE54-9A1E7A4F7556}") = "DurableOrchestrator.AzureStorage", "src\DurableOrchestrator.AzureStorage\DurableOrchestrator.AzureStorage.csproj", "{567191AD-C97E-44C5-8E1F-FC703A0846F2}"
EndProject
Project("{9A19103F-16F7-4668-BE54-9A1E7A4F7556}") = "DurableOrchestrator.AzureKeyVault", "src\DurableOrchestrator.AzureKeyVault\DurableOrchestrator.AzureKeyVault.csproj", "{20995C37-5D70-49B5-82B4-4B465ED19E7E}"
EndProject
Project("{2150E333-8FDC-42A3-9474-1A3956D46DE8}") = "Extensions", "Extensions", "{EEF44080-5ED0-42A2-BEC2-D3D4C1A8BE51}"
EndProject
Project("{9A19103F-16F7-4668-BE54-9A1E7A4F7556}") = "DurableOrchestrator.AzureDocumentIntelligence", "src\DurableOrchestrator.AzureDocumentIntelligence\DurableOrchestrator.AzureDocumentIntelligence.csproj", "{9BFD0C83-2BFF-408D-9B7B-DC026F8C52EE}"
EndProject
Project("{9A19103F-16F7-4668-BE54-9A1E7A4F7556}") = "DurableOrchestrator.AzureOpenAI", "src\DurableOrchestrator.AzureOpenAI\DurableOrchestrator.AzureOpenAI.csproj", "{6A5796DF-43C3-40A5-81F7-78B7BBD385DD}"
EndProject
Project("{9A19103F-16F7-4668-BE54-9A1E7A4F7556}") = "DurableOrchestrator.AzureTextAnalytics", "src\DurableOrchestrator.AzureTextAnalytics\DurableOrchestrator.AzureTextAnalytics.csproj", "{B018EB59-60DA-4B46-8D31-D57677B1339A}"
EndProject
Project("{2150E333-8FDC-42A3-9474-1A3956D46DE8}") = "Tests", "Tests", "{60AF03D6-FC9D-456B-94AA-5AE128C79CD3}"
EndProject
Project("{FAE04EC0-301F-11D3-BF4B-00C04F79EFBC}") = "DurableOrchestrator.Tests", "tests\DurableOrchestrator.Tests\DurableOrchestrator.Tests.csproj", "{EE603F50-CECB-48F1-ACFA-9217AB9E19C4}"
EndProject
Global
	GlobalSection(SolutionConfigurationPlatforms) = preSolution
		Debug|Any CPU = Debug|Any CPU
		Release|Any CPU = Release|Any CPU
	EndGlobalSection
	GlobalSection(ProjectConfigurationPlatforms) = postSolution
		{89CC8406-9DF5-44D9-98A7-6F9D794EB79A}.Debug|Any CPU.ActiveCfg = Debug|Any CPU
		{89CC8406-9DF5-44D9-98A7-6F9D794EB79A}.Debug|Any CPU.Build.0 = Debug|Any CPU
		{89CC8406-9DF5-44D9-98A7-6F9D794EB79A}.Release|Any CPU.ActiveCfg = Release|Any CPU
		{89CC8406-9DF5-44D9-98A7-6F9D794EB79A}.Release|Any CPU.Build.0 = Release|Any CPU
		{237854C7-686F-43F2-A6DF-B20E93ED397A}.Debug|Any CPU.ActiveCfg = Debug|Any CPU
		{237854C7-686F-43F2-A6DF-B20E93ED397A}.Debug|Any CPU.Build.0 = Debug|Any CPU
		{237854C7-686F-43F2-A6DF-B20E93ED397A}.Release|Any CPU.ActiveCfg = Release|Any CPU
		{237854C7-686F-43F2-A6DF-B20E93ED397A}.Release|Any CPU.Build.0 = Release|Any CPU
		{567191AD-C97E-44C5-8E1F-FC703A0846F2}.Debug|Any CPU.ActiveCfg = Debug|Any CPU
		{567191AD-C97E-44C5-8E1F-FC703A0846F2}.Debug|Any CPU.Build.0 = Debug|Any CPU
		{567191AD-C97E-44C5-8E1F-FC703A0846F2}.Release|Any CPU.ActiveCfg = Release|Any CPU
		{567191AD-C97E-44C5-8E1F-FC703A0846F2}.Release|Any CPU.Build.0 = Release|Any CPU
		{20995C37-5D70-49B5-82B4-4B465ED19E7E}.Debug|Any CPU.ActiveCfg = Debug|Any CPU
		{20995C37-5D70-49B5-82B4-4B465ED19E7E}.Debug|Any CPU.Build.0 = Debug|Any CPU
		{20995C37-5D70-49B5-82B4-4B465ED19E7E}.Release|Any CPU.ActiveCfg = Release|Any CPU
		{20995C37-5D70-49B5-82B4-4B465ED19E7E}.Release|Any CPU.Build.0 = Release|Any CPU
		{9BFD0C83-2BFF-408D-9B7B-DC026F8C52EE}.Debug|Any CPU.ActiveCfg = Debug|Any CPU
		{9BFD0C83-2BFF-408D-9B7B-DC026F8C52EE}.Debug|Any CPU.Build.0 = Debug|Any CPU
		{9BFD0C83-2BFF-408D-9B7B-DC026F8C52EE}.Release|Any CPU.ActiveCfg = Release|Any CPU
		{9BFD0C83-2BFF-408D-9B7B-DC026F8C52EE}.Release|Any CPU.Build.0 = Release|Any CPU
		{6A5796DF-43C3-40A5-81F7-78B7BBD385DD}.Debug|Any CPU.ActiveCfg = Debug|Any CPU
		{6A5796DF-43C3-40A5-81F7-78B7BBD385DD}.Debug|Any CPU.Build.0 = Debug|Any CPU
		{6A5796DF-43C3-40A5-81F7-78B7BBD385DD}.Release|Any CPU.ActiveCfg = Release|Any CPU
		{6A5796DF-43C3-40A5-81F7-78B7BBD385DD}.Release|Any CPU.Build.0 = Release|Any CPU
		{B018EB59-60DA-4B46-8D31-D57677B1339A}.Debug|Any CPU.ActiveCfg = Debug|Any CPU
		{B018EB59-60DA-4B46-8D31-D57677B1339A}.Debug|Any CPU.Build.0 = Debug|Any CPU
		{B018EB59-60DA-4B46-8D31-D57677B1339A}.Release|Any CPU.ActiveCfg = Release|Any CPU
		{B018EB59-60DA-4B46-8D31-D57677B1339A}.Release|Any CPU.Build.0 = Release|Any CPU
		{EE603F50-CECB-48F1-ACFA-9217AB9E19C4}.Debug|Any CPU.ActiveCfg = Debug|Any CPU
		{EE603F50-CECB-48F1-ACFA-9217AB9E19C4}.Debug|Any CPU.Build.0 = Debug|Any CPU
		{EE603F50-CECB-48F1-ACFA-9217AB9E19C4}.Release|Any CPU.ActiveCfg = Release|Any CPU
		{EE603F50-CECB-48F1-ACFA-9217AB9E19C4}.Release|Any CPU.Build.0 = Release|Any CPU
	EndGlobalSection
	GlobalSection(SolutionProperties) = preSolution
		HideSolutionNode = FALSE
	EndGlobalSection
	GlobalSection(NestedProjects) = preSolution
		{567191AD-C97E-44C5-8E1F-FC703A0846F2} = {EEF44080-5ED0-42A2-BEC2-D3D4C1A8BE51}
		{20995C37-5D70-49B5-82B4-4B465ED19E7E} = {EEF44080-5ED0-42A2-BEC2-D3D4C1A8BE51}
		{9BFD0C83-2BFF-408D-9B7B-DC026F8C52EE} = {EEF44080-5ED0-42A2-BEC2-D3D4C1A8BE51}
		{6A5796DF-43C3-40A5-81F7-78B7BBD385DD} = {EEF44080-5ED0-42A2-BEC2-D3D4C1A8BE51}
		{B018EB59-60DA-4B46-8D31-D57677B1339A} = {EEF44080-5ED0-42A2-BEC2-D3D4C1A8BE51}
		{EE603F50-CECB-48F1-ACFA-9217AB9E19C4} = {60AF03D6-FC9D-456B-94AA-5AE128C79CD3}
	EndGlobalSection
	GlobalSection(ExtensibilityGlobals) = postSolution
		SolutionGuid = {B30DA6BE-C55F-4508-A862-527E6B591FA4}
	EndGlobalSection
EndGlobal
